
Microsoft Visual Studio Solution File, Format Version 12.00
# Visual Studio Version 17
VisualStudioVersion = 17.4.33122.133
MinimumVisualStudioVersion = 10.0.40219.1
Project("{2150E333-8FDC-42A3-9474-1A3956D46DE8}") = "Documentation", "Documentation", "{2085DE47-0F71-4E2F-9747-9B825E7584CF}"
EndProject
Project("{2150E333-8FDC-42A3-9474-1A3956D46DE8}") = "Source", "Source", "{BA4B9B64-1E64-4CB5-9AAA-9B7EF121C9BB}"
EndProject
Project("{2150E333-8FDC-42A3-9474-1A3956D46DE8}") = "Tests", "Tests", "{CF0D04E1-7CF1-45AA-8E16-1515473C68D0}"
	ProjectSection(SolutionItems) = preProject
		A.txt = A.txt
	EndProjectSection
EndProject
Project("{2150E333-8FDC-42A3-9474-1A3956D46DE8}") = "Solution Items", "Solution Items", "{1F236BA6-B1D6-4EE4-93DD-455D9D005BCF}"
	ProjectSection(SolutionItems) = preProject
		.gitignore = .gitignore
		LICENSE = LICENSE
		README.md = README.md
	EndProjectSection
EndProject
Project("{9A19103F-16F7-4668-BE54-9A1E7A4F7556}") = "Sports.Data", "Source\Sports.Data\Sports.Data.csproj", "{D3C2BD67-CA24-4C7C-B71B-C873F92F4218}"
EndProject
Project("{9A19103F-16F7-4668-BE54-9A1E7A4F7556}") = "Sports.ApplicationCore", "Source\Sports.ApplicationCore\Sports.ApplicationCore.csproj", "{163A5CBD-7089-41C8-9296-7193349D3E1D}"
EndProject
Project("{2150E333-8FDC-42A3-9474-1A3956D46DE8}") = "Images", "Images", "{E636B71A-2625-46D6-8CD8-27D5BF3450DF}"
	ProjectSection(SolutionItems) = preProject
		B.txt = B.txt
	EndProjectSection
EndProject
Project("{9A19103F-16F7-4668-BE54-9A1E7A4F7556}") = "Sports.API", "Source\Sports.API\Sports.API.csproj", "{72B26029-50E5-478E-8DF3-2278833D911E}"
EndProject
Project("{9A19103F-16F7-4668-BE54-9A1E7A4F7556}") = "Sports.Persistence", "Source\Sports.Persistence\Sports.Persistence.csproj", "{B53CB6BF-5BCE-4A23-A444-5259DFF2904F}"
EndProject
Project("{9A19103F-16F7-4668-BE54-9A1E7A4F7556}") = "Sports.Dependencies", "Source\Sports.Dependencies\Sports.Dependencies.csproj", "{15A75E0B-B957-4FE2-A535-FDB27314FD45}"
EndProject
Project("{2150E333-8FDC-42A3-9474-1A3956D46DE8}") = "PostmanCollections", "PostmanCollections", "{F85A75C9-22EC-4A1A-8A20-45D7453E3DCF}"
	ProjectSection(SolutionItems) = preProject
		PostmanCollections\Small-Sports-Shop-local.postman_environment.json = PostmanCollections\Small-Sports-Shop-local.postman_environment.json
		PostmanCollections\Small-Sports-Shop.postman_collection.json = PostmanCollections\Small-Sports-Shop.postman_collection.json
	EndProjectSection
EndProject
Project("{FAE04EC0-301F-11D3-BF4B-00C04F79EFBC}") = "Sports.Business", "Source\Sports.Business\Sports.Business.csproj", "{22677BAE-9E6B-4578-9CC4-47D2F6F31962}"
EndProject
Project("{FAE04EC0-301F-11D3-BF4B-00C04F79EFBC}") = "Sports.Configuration", "Source\Sports.Configuration\Sports.Configuration.csproj", "{31B76706-D343-4576-9828-0A72B89945FA}"
EndProject
Project("{FAE04EC0-301F-11D3-BF4B-00C04F79EFBC}") = "Sports.Repositories", "Source\Sports.Repositories\Sports.Repositories.csproj", "{1A3D24B2-9E77-4338-95FF-1F74B046DA12}"
EndProject
Global
	GlobalSection(SolutionConfigurationPlatforms) = preSolution
		Debug|Any CPU = Debug|Any CPU
		Release|Any CPU = Release|Any CPU
	EndGlobalSection
	GlobalSection(ProjectConfigurationPlatforms) = postSolution
		{D3C2BD67-CA24-4C7C-B71B-C873F92F4218}.Debug|Any CPU.ActiveCfg = Debug|Any CPU
		{D3C2BD67-CA24-4C7C-B71B-C873F92F4218}.Debug|Any CPU.Build.0 = Debug|Any CPU
		{D3C2BD67-CA24-4C7C-B71B-C873F92F4218}.Release|Any CPU.ActiveCfg = Release|Any CPU
		{D3C2BD67-CA24-4C7C-B71B-C873F92F4218}.Release|Any CPU.Build.0 = Release|Any CPU
		{163A5CBD-7089-41C8-9296-7193349D3E1D}.Debug|Any CPU.ActiveCfg = Debug|Any CPU
		{163A5CBD-7089-41C8-9296-7193349D3E1D}.Debug|Any CPU.Build.0 = Debug|Any CPU
		{163A5CBD-7089-41C8-9296-7193349D3E1D}.Release|Any CPU.ActiveCfg = Release|Any CPU
		{163A5CBD-7089-41C8-9296-7193349D3E1D}.Release|Any CPU.Build.0 = Release|Any CPU
		{72B26029-50E5-478E-8DF3-2278833D911E}.Debug|Any CPU.ActiveCfg = Debug|Any CPU
		{72B26029-50E5-478E-8DF3-2278833D911E}.Debug|Any CPU.Build.0 = Debug|Any CPU
		{72B26029-50E5-478E-8DF3-2278833D911E}.Release|Any CPU.ActiveCfg = Release|Any CPU
		{72B26029-50E5-478E-8DF3-2278833D911E}.Release|Any CPU.Build.0 = Release|Any CPU
		{B53CB6BF-5BCE-4A23-A444-5259DFF2904F}.Debug|Any CPU.ActiveCfg = Debug|Any CPU
		{B53CB6BF-5BCE-4A23-A444-5259DFF2904F}.Debug|Any CPU.Build.0 = Debug|Any CPU
		{B53CB6BF-5BCE-4A23-A444-5259DFF2904F}.Release|Any CPU.ActiveCfg = Release|Any CPU
		{B53CB6BF-5BCE-4A23-A444-5259DFF2904F}.Release|Any CPU.Build.0 = Release|Any CPU
		{15A75E0B-B957-4FE2-A535-FDB27314FD45}.Debug|Any CPU.ActiveCfg = Debug|Any CPU
		{15A75E0B-B957-4FE2-A535-FDB27314FD45}.Debug|Any CPU.Build.0 = Debug|Any CPU
		{15A75E0B-B957-4FE2-A535-FDB27314FD45}.Release|Any CPU.ActiveCfg = Release|Any CPU
		{15A75E0B-B957-4FE2-A535-FDB27314FD45}.Release|Any CPU.Build.0 = Release|Any CPU
		{22677BAE-9E6B-4578-9CC4-47D2F6F31962}.Debug|Any CPU.ActiveCfg = Debug|Any CPU
		{22677BAE-9E6B-4578-9CC4-47D2F6F31962}.Debug|Any CPU.Build.0 = Debug|Any CPU
		{22677BAE-9E6B-4578-9CC4-47D2F6F31962}.Release|Any CPU.ActiveCfg = Release|Any CPU
		{22677BAE-9E6B-4578-9CC4-47D2F6F31962}.Release|Any CPU.Build.0 = Release|Any CPU
		{31B76706-D343-4576-9828-0A72B89945FA}.Debug|Any CPU.ActiveCfg = Debug|Any CPU
		{31B76706-D343-4576-9828-0A72B89945FA}.Debug|Any CPU.Build.0 = Debug|Any CPU
		{31B76706-D343-4576-9828-0A72B89945FA}.Release|Any CPU.ActiveCfg = Release|Any CPU
		{31B76706-D343-4576-9828-0A72B89945FA}.Release|Any CPU.Build.0 = Release|Any CPU
		{1A3D24B2-9E77-4338-95FF-1F74B046DA12}.Debug|Any CPU.ActiveCfg = Debug|Any CPU
		{1A3D24B2-9E77-4338-95FF-1F74B046DA12}.Debug|Any CPU.Build.0 = Debug|Any CPU
		{1A3D24B2-9E77-4338-95FF-1F74B046DA12}.Release|Any CPU.ActiveCfg = Release|Any CPU
		{1A3D24B2-9E77-4338-95FF-1F74B046DA12}.Release|Any CPU.Build.0 = Release|Any CPU
	EndGlobalSection
	GlobalSection(SolutionProperties) = preSolution
		HideSolutionNode = FALSE
	EndGlobalSection
	GlobalSection(NestedProjects) = preSolution
		{D3C2BD67-CA24-4C7C-B71B-C873F92F4218} = {BA4B9B64-1E64-4CB5-9AAA-9B7EF121C9BB}
		{163A5CBD-7089-41C8-9296-7193349D3E1D} = {BA4B9B64-1E64-4CB5-9AAA-9B7EF121C9BB}
		{E636B71A-2625-46D6-8CD8-27D5BF3450DF} = {2085DE47-0F71-4E2F-9747-9B825E7584CF}
		{72B26029-50E5-478E-8DF3-2278833D911E} = {BA4B9B64-1E64-4CB5-9AAA-9B7EF121C9BB}
		{B53CB6BF-5BCE-4A23-A444-5259DFF2904F} = {BA4B9B64-1E64-4CB5-9AAA-9B7EF121C9BB}
		{15A75E0B-B957-4FE2-A535-FDB27314FD45} = {BA4B9B64-1E64-4CB5-9AAA-9B7EF121C9BB}
		{22677BAE-9E6B-4578-9CC4-47D2F6F31962} = {BA4B9B64-1E64-4CB5-9AAA-9B7EF121C9BB}
		{31B76706-D343-4576-9828-0A72B89945FA} = {BA4B9B64-1E64-4CB5-9AAA-9B7EF121C9BB}
		{1A3D24B2-9E77-4338-95FF-1F74B046DA12} = {BA4B9B64-1E64-4CB5-9AAA-9B7EF121C9BB}
	EndGlobalSection
	GlobalSection(ExtensibilityGlobals) = postSolution
		SolutionGuid = {9CA43BF0-3E47-4622-9411-DDF00FEA12DF}
	EndGlobalSection
EndGlobal
